
Microsoft Visual Studio Solution File, Format Version 12.00
# Visual Studio Version 17
VisualStudioVersion = 17.8.34330.188
MinimumVisualStudioVersion = 10.0.40219.1
Project("{FAE04EC0-301F-11D3-BF4B-00C04F79EFBC}") = "Proyecto", "Proyecto.csproj", "{7C16BF23-1163-4ACC-AEF6-4A609CA6D19B}"
EndProject
Global
	GlobalSection(SolutionConfigurationPlatforms) = preSolution
		Debug|Any CPU = Debug|Any CPU
		Release|Any CPU = Release|Any CPU
	EndGlobalSection
	GlobalSection(ProjectConfigurationPlatforms) = postSolution
		{7C16BF23-1163-4ACC-AEF6-4A609CA6D19B}.Debug|Any CPU.ActiveCfg = Debug|Any CPU
		{7C16BF23-1163-4ACC-AEF6-4A609CA6D19B}.Debug|Any CPU.Build.0 = Debug|Any CPU
		{7C16BF23-1163-4ACC-AEF6-4A609CA6D19B}.Release|Any CPU.ActiveCfg = Release|Any CPU
		{7C16BF23-1163-4ACC-AEF6-4A609CA6D19B}.Release|Any CPU.Build.0 = Release|Any CPU
	EndGlobalSection
	GlobalSection(SolutionProperties) = preSolution
		HideSolutionNode = FALSE
	EndGlobalSection
	GlobalSection(ExtensibilityGlobals) = postSolution
		SolutionGuid = {D6C190E5-FD31-4BC3-A681-9CE2A15AED24}
	EndGlobalSection
EndGlobal
